
Microsoft Visual Studio Solution File, Format Version 12.00
# Visual Studio Version 16
VisualStudioVersion = 16.0.29409.12
MinimumVisualStudioVersion = 10.0.40219.1
Project("{9A19103F-16F7-4668-BE54-9A1E7A4F7556}") = "WeddingCelebration", "WeddingCelebration\WeddingCelebration.csproj", "{62EB9C9F-ECC1-4EFF-8353-1675055AAF78}"
	ProjectSection(ProjectDependencies) = postProject
		{EDF6C227-34C6-40C9-9AC0-6BF111AD0B1F} = {EDF6C227-34C6-40C9-9AC0-6BF111AD0B1F}
	EndProjectSection
EndProject
Project("{9A19103F-16F7-4668-BE54-9A1E7A4F7556}") = "WeddingCelebration.IService", "WeddingCelebration.IService\WeddingCelebration.IService.csproj", "{EEC68403-66FC-4EE9-AE94-734D1489017A}"
EndProject
Project("{9A19103F-16F7-4668-BE54-9A1E7A4F7556}") = "WeddingCelebration.Service", "WeddingCelebration.Service\WeddingCelebration.Service.csproj", "{D087CED3-6411-4F8C-9640-8169F58CEBE6}"
EndProject
Project("{9A19103F-16F7-4668-BE54-9A1E7A4F7556}") = "WeddingCelebration.DAL", "WeddingCelebration.DAL\WeddingCelebration.DAL.csproj", "{49575B55-54A3-4C79-B14A-88C6722E9837}"
EndProject
Project("{9A19103F-16F7-4668-BE54-9A1E7A4F7556}") = "WeddingCelebration.IDAL", "WeddingCelebration.IDAL\WeddingCelebration.IDAL.csproj", "{EDF6C227-34C6-40C9-9AC0-6BF111AD0B1F}"
EndProject
Project("{9A19103F-16F7-4668-BE54-9A1E7A4F7556}") = "WeddingCelebration.Model", "WeddingCelebration.Model\WeddingCelebration.Model.csproj", "{EB1C722E-05CC-45AF-8A77-10487DD3962C}"
EndProject
Project("{9A19103F-16F7-4668-BE54-9A1E7A4F7556}") = "Commen", "Commen\Commen.csproj", "{1DD002FE-1639-4296-86F2-67BF05A9CDA2}"
EndProject
Global
	GlobalSection(SolutionConfigurationPlatforms) = preSolution
		Debug|Any CPU = Debug|Any CPU
		Release|Any CPU = Release|Any CPU
	EndGlobalSection
	GlobalSection(ProjectConfigurationPlatforms) = postSolution
		{62EB9C9F-ECC1-4EFF-8353-1675055AAF78}.Debug|Any CPU.ActiveCfg = Debug|Any CPU
		{62EB9C9F-ECC1-4EFF-8353-1675055AAF78}.Debug|Any CPU.Build.0 = Debug|Any CPU
		{62EB9C9F-ECC1-4EFF-8353-1675055AAF78}.Release|Any CPU.ActiveCfg = Release|Any CPU
		{62EB9C9F-ECC1-4EFF-8353-1675055AAF78}.Release|Any CPU.Build.0 = Release|Any CPU
		{EEC68403-66FC-4EE9-AE94-734D1489017A}.Debug|Any CPU.ActiveCfg = Debug|Any CPU
		{EEC68403-66FC-4EE9-AE94-734D1489017A}.Debug|Any CPU.Build.0 = Debug|Any CPU
		{EEC68403-66FC-4EE9-AE94-734D1489017A}.Release|Any CPU.ActiveCfg = Release|Any CPU
		{EEC68403-66FC-4EE9-AE94-734D1489017A}.Release|Any CPU.Build.0 = Release|Any CPU
		{D087CED3-6411-4F8C-9640-8169F58CEBE6}.Debug|Any CPU.ActiveCfg = Debug|Any CPU
		{D087CED3-6411-4F8C-9640-8169F58CEBE6}.Debug|Any CPU.Build.0 = Debug|Any CPU
		{D087CED3-6411-4F8C-9640-8169F58CEBE6}.Release|Any CPU.ActiveCfg = Release|Any CPU
		{D087CED3-6411-4F8C-9640-8169F58CEBE6}.Release|Any CPU.Build.0 = Release|Any CPU
		{49575B55-54A3-4C79-B14A-88C6722E9837}.Debug|Any CPU.ActiveCfg = Debug|Any CPU
		{49575B55-54A3-4C79-B14A-88C6722E9837}.Debug|Any CPU.Build.0 = Debug|Any CPU
		{49575B55-54A3-4C79-B14A-88C6722E9837}.Release|Any CPU.ActiveCfg = Release|Any CPU
		{49575B55-54A3-4C79-B14A-88C6722E9837}.Release|Any CPU.Build.0 = Release|Any CPU
		{EDF6C227-34C6-40C9-9AC0-6BF111AD0B1F}.Debug|Any CPU.ActiveCfg = Debug|Any CPU
		{EDF6C227-34C6-40C9-9AC0-6BF111AD0B1F}.Debug|Any CPU.Build.0 = Debug|Any CPU
		{EDF6C227-34C6-40C9-9AC0-6BF111AD0B1F}.Release|Any CPU.ActiveCfg = Release|Any CPU
		{EDF6C227-34C6-40C9-9AC0-6BF111AD0B1F}.Release|Any CPU.Build.0 = Release|Any CPU
		{EB1C722E-05CC-45AF-8A77-10487DD3962C}.Debug|Any CPU.ActiveCfg = Debug|Any CPU
		{EB1C722E-05CC-45AF-8A77-10487DD3962C}.Debug|Any CPU.Build.0 = Debug|Any CPU
		{EB1C722E-05CC-45AF-8A77-10487DD3962C}.Release|Any CPU.ActiveCfg = Release|Any CPU
		{EB1C722E-05CC-45AF-8A77-10487DD3962C}.Release|Any CPU.Build.0 = Release|Any CPU
		{1DD002FE-1639-4296-86F2-67BF05A9CDA2}.Debug|Any CPU.ActiveCfg = Debug|Any CPU
		{1DD002FE-1639-4296-86F2-67BF05A9CDA2}.Debug|Any CPU.Build.0 = Debug|Any CPU
		{1DD002FE-1639-4296-86F2-67BF05A9CDA2}.Release|Any CPU.ActiveCfg = Release|Any CPU
		{1DD002FE-1639-4296-86F2-67BF05A9CDA2}.Release|Any CPU.Build.0 = Release|Any CPU
	EndGlobalSection
	GlobalSection(SolutionProperties) = preSolution
		HideSolutionNode = FALSE
	EndGlobalSection
	GlobalSection(ExtensibilityGlobals) = postSolution
		SolutionGuid = {14105B29-E4BA-477A-9EAE-15545493EA41}
	EndGlobalSection
EndGlobal
